
Microsoft Visual Studio Solution File, Format Version 12.00
# Visual Studio Version 17
VisualStudioVersion = 17.7.34031.279
MinimumVisualStudioVersion = 10.0.40219.1
Project("{2150E333-8FDC-42A3-9474-1A3956D46DE8}") = "1.Infrastructure", "1.Infrastructure", "{C5668509-3178-4C88-926B-011963AD6D5F}"
EndProject
Project("{2150E333-8FDC-42A3-9474-1A3956D46DE8}") = "9.App", "9.App", "{762122AF-0FFD-4976-97FE-28CAC535C11D}"
EndProject
Project("{2150E333-8FDC-42A3-9474-1A3956D46DE8}") = "3.Repositories", "3.Repositories", "{C5B6AEA0-A45D-4D11-9D08-9CA5ED4E67AF}"
EndProject
Project("{2150E333-8FDC-42A3-9474-1A3956D46DE8}") = "4.Services", "4.Services", "{693DB33E-A6E4-4E3F-86CA-6977FA2C8AEA}"
EndProject
Project("{9A19103F-16F7-4668-BE54-9A1E7A4F7556}") = "FCloud3.App", "FCloud3.App\FCloud3.App.csproj", "{1049640B-2A2F-45AE-88DC-8332425A7841}"
EndProject
Project("{9A19103F-16F7-4668-BE54-9A1E7A4F7556}") = "FCloud3.Repos", "FCloud3.Repos\FCloud3.Repos.csproj", "{9F657855-4A73-4D3D-9174-D0F8C6D0113D}"
EndProject
Project("{9A19103F-16F7-4668-BE54-9A1E7A4F7556}") = "FCloud3.Services", "FCloud3.Services\FCloud3.Services.csproj", "{A3A4A698-94BC-4473-BFDD-EF752059637F}"
EndProject
Project("{9A19103F-16F7-4668-BE54-9A1E7A4F7556}") = "FCloud3.HtmlGen", "FCloud3.HtmlGen\FCloud3.HtmlGen.csproj", "{7483FF72-6F71-4EAA-B5C9-971F34814A9D}"
EndProject
Project("{9A19103F-16F7-4668-BE54-9A1E7A4F7556}") = "FCloud3.HtmlGenTest", "FCloud3.HtmlGenTest\FCloud3.HtmlGenTest.csproj", "{838DB910-D449-4CB9-BE0F-752AF69E62C3}"
EndProject
Project("{2150E333-8FDC-42A3-9474-1A3956D46DE8}") = "2.Entities", "2.Entities", "{6B89FF1F-81C9-4A31-B491-94638D69B54A}"
EndProject
Project("{9A19103F-16F7-4668-BE54-9A1E7A4F7556}") = "FCloud3.Entities", "FCloud3.Entities\FCloud3.Entities.csproj", "{B691443B-9BF1-44D1-AF04-EA203A653C0F}"
EndProject
Project("{9A19103F-16F7-4668-BE54-9A1E7A4F7556}") = "FCloud3.DbContexts", "FCloud3.DbContexts\FCloud3.DbContexts.csproj", "{24968350-BC0E-477C-AF4E-2D7D42596BC2}"
EndProject
Global
	GlobalSection(SolutionConfigurationPlatforms) = preSolution
		Debug|Any CPU = Debug|Any CPU
		Release|Any CPU = Release|Any CPU
	EndGlobalSection
	GlobalSection(ProjectConfigurationPlatforms) = postSolution
		{1049640B-2A2F-45AE-88DC-8332425A7841}.Debug|Any CPU.ActiveCfg = Debug|Any CPU
		{1049640B-2A2F-45AE-88DC-8332425A7841}.Debug|Any CPU.Build.0 = Debug|Any CPU
		{1049640B-2A2F-45AE-88DC-8332425A7841}.Release|Any CPU.ActiveCfg = Release|Any CPU
		{1049640B-2A2F-45AE-88DC-8332425A7841}.Release|Any CPU.Build.0 = Release|Any CPU
		{9F657855-4A73-4D3D-9174-D0F8C6D0113D}.Debug|Any CPU.ActiveCfg = Debug|Any CPU
		{9F657855-4A73-4D3D-9174-D0F8C6D0113D}.Debug|Any CPU.Build.0 = Debug|Any CPU
		{9F657855-4A73-4D3D-9174-D0F8C6D0113D}.Release|Any CPU.ActiveCfg = Release|Any CPU
		{9F657855-4A73-4D3D-9174-D0F8C6D0113D}.Release|Any CPU.Build.0 = Release|Any CPU
		{A3A4A698-94BC-4473-BFDD-EF752059637F}.Debug|Any CPU.ActiveCfg = Debug|Any CPU
		{A3A4A698-94BC-4473-BFDD-EF752059637F}.Debug|Any CPU.Build.0 = Debug|Any CPU
		{A3A4A698-94BC-4473-BFDD-EF752059637F}.Release|Any CPU.ActiveCfg = Release|Any CPU
		{A3A4A698-94BC-4473-BFDD-EF752059637F}.Release|Any CPU.Build.0 = Release|Any CPU
		{7483FF72-6F71-4EAA-B5C9-971F34814A9D}.Debug|Any CPU.ActiveCfg = Debug|Any CPU
		{7483FF72-6F71-4EAA-B5C9-971F34814A9D}.Debug|Any CPU.Build.0 = Debug|Any CPU
		{7483FF72-6F71-4EAA-B5C9-971F34814A9D}.Release|Any CPU.ActiveCfg = Release|Any CPU
		{7483FF72-6F71-4EAA-B5C9-971F34814A9D}.Release|Any CPU.Build.0 = Release|Any CPU
		{838DB910-D449-4CB9-BE0F-752AF69E62C3}.Debug|Any CPU.ActiveCfg = Debug|Any CPU
		{838DB910-D449-4CB9-BE0F-752AF69E62C3}.Debug|Any CPU.Build.0 = Debug|Any CPU
		{838DB910-D449-4CB9-BE0F-752AF69E62C3}.Release|Any CPU.ActiveCfg = Release|Any CPU
		{838DB910-D449-4CB9-BE0F-752AF69E62C3}.Release|Any CPU.Build.0 = Release|Any CPU
		{B691443B-9BF1-44D1-AF04-EA203A653C0F}.Debug|Any CPU.ActiveCfg = Debug|Any CPU
		{B691443B-9BF1-44D1-AF04-EA203A653C0F}.Debug|Any CPU.Build.0 = Debug|Any CPU
		{B691443B-9BF1-44D1-AF04-EA203A653C0F}.Release|Any CPU.ActiveCfg = Release|Any CPU
		{B691443B-9BF1-44D1-AF04-EA203A653C0F}.Release|Any CPU.Build.0 = Release|Any CPU
		{24968350-BC0E-477C-AF4E-2D7D42596BC2}.Debug|Any CPU.ActiveCfg = Debug|Any CPU
		{24968350-BC0E-477C-AF4E-2D7D42596BC2}.Debug|Any CPU.Build.0 = Debug|Any CPU
		{24968350-BC0E-477C-AF4E-2D7D42596BC2}.Release|Any CPU.ActiveCfg = Release|Any CPU
		{24968350-BC0E-477C-AF4E-2D7D42596BC2}.Release|Any CPU.Build.0 = Release|Any CPU
	EndGlobalSection
	GlobalSection(SolutionProperties) = preSolution
		HideSolutionNode = FALSE
	EndGlobalSection
	GlobalSection(NestedProjects) = preSolution
		{1049640B-2A2F-45AE-88DC-8332425A7841} = {762122AF-0FFD-4976-97FE-28CAC535C11D}
		{9F657855-4A73-4D3D-9174-D0F8C6D0113D} = {C5B6AEA0-A45D-4D11-9D08-9CA5ED4E67AF}
		{A3A4A698-94BC-4473-BFDD-EF752059637F} = {693DB33E-A6E4-4E3F-86CA-6977FA2C8AEA}
		{7483FF72-6F71-4EAA-B5C9-971F34814A9D} = {C5668509-3178-4C88-926B-011963AD6D5F}
		{838DB910-D449-4CB9-BE0F-752AF69E62C3} = {C5668509-3178-4C88-926B-011963AD6D5F}
		{B691443B-9BF1-44D1-AF04-EA203A653C0F} = {6B89FF1F-81C9-4A31-B491-94638D69B54A}
		{24968350-BC0E-477C-AF4E-2D7D42596BC2} = {6B89FF1F-81C9-4A31-B491-94638D69B54A}
	EndGlobalSection
	GlobalSection(ExtensibilityGlobals) = postSolution
		SolutionGuid = {F7861C67-D850-476A-A2A5-64450D45439D}
	EndGlobalSection
EndGlobal
